
Microsoft Visual Studio Solution File, Format Version 12.00
# Visual Studio Version 17
VisualStudioVersion = 17.7.34031.279
MinimumVisualStudioVersion = 10.0.40219.1
Project("{9A19103F-16F7-4668-BE54-9A1E7A4F7556}") = "SocialMediaApp.MVC", "SocialMediaApp.MVC\SocialMediaApp.MVC.csproj", "{EC3DD8E6-EEDF-4AFE-A5A8-D13DC0EC75DB}"
EndProject
Project("{9A19103F-16F7-4668-BE54-9A1E7A4F7556}") = "SocialMediaApp.EmailServiceLibrary", "SocialMediaApp.EmailServiceLibrary\SocialMediaApp.EmailServiceLibrary.csproj", "{4C0304C2-3E84-4F0C-A298-5D5310C4E56B}"
EndProject
Project("{FAE04EC0-301F-11D3-BF4B-00C04F79EFBC}") = "SocialMediaApp.SharedModels", "SocialMediaApp.SharedModels\SocialMediaApp.SharedModels.csproj", "{EB877838-13D0-461B-9884-16391F469E0C}"
EndProject
Project("{FAE04EC0-301F-11D3-BF4B-00C04F79EFBC}") = "SocialMediaApp.AuthenticationLibrary", "SocialMediaApp.AuthenticationLibrary\SocialMediaApp.AuthenticationLibrary.csproj", "{3C0F51A7-7518-4D18-B413-B44007E6E11D}"
EndProject
Global
	GlobalSection(SolutionConfigurationPlatforms) = preSolution
		Debug|Any CPU = Debug|Any CPU
		Release|Any CPU = Release|Any CPU
	EndGlobalSection
	GlobalSection(ProjectConfigurationPlatforms) = postSolution
		{EC3DD8E6-EEDF-4AFE-A5A8-D13DC0EC75DB}.Debug|Any CPU.ActiveCfg = Debug|Any CPU
		{EC3DD8E6-EEDF-4AFE-A5A8-D13DC0EC75DB}.Debug|Any CPU.Build.0 = Debug|Any CPU
		{EC3DD8E6-EEDF-4AFE-A5A8-D13DC0EC75DB}.Release|Any CPU.ActiveCfg = Release|Any CPU
		{EC3DD8E6-EEDF-4AFE-A5A8-D13DC0EC75DB}.Release|Any CPU.Build.0 = Release|Any CPU
		{4C0304C2-3E84-4F0C-A298-5D5310C4E56B}.Debug|Any CPU.ActiveCfg = Debug|Any CPU
		{4C0304C2-3E84-4F0C-A298-5D5310C4E56B}.Debug|Any CPU.Build.0 = Debug|Any CPU
		{4C0304C2-3E84-4F0C-A298-5D5310C4E56B}.Release|Any CPU.ActiveCfg = Release|Any CPU
		{4C0304C2-3E84-4F0C-A298-5D5310C4E56B}.Release|Any CPU.Build.0 = Release|Any CPU
		{EB877838-13D0-461B-9884-16391F469E0C}.Debug|Any CPU.ActiveCfg = Debug|Any CPU
		{EB877838-13D0-461B-9884-16391F469E0C}.Debug|Any CPU.Build.0 = Debug|Any CPU
		{EB877838-13D0-461B-9884-16391F469E0C}.Release|Any CPU.ActiveCfg = Release|Any CPU
		{EB877838-13D0-461B-9884-16391F469E0C}.Release|Any CPU.Build.0 = Release|Any CPU
		{3C0F51A7-7518-4D18-B413-B44007E6E11D}.Debug|Any CPU.ActiveCfg = Debug|Any CPU
		{3C0F51A7-7518-4D18-B413-B44007E6E11D}.Debug|Any CPU.Build.0 = Debug|Any CPU
		{3C0F51A7-7518-4D18-B413-B44007E6E11D}.Release|Any CPU.ActiveCfg = Release|Any CPU
		{3C0F51A7-7518-4D18-B413-B44007E6E11D}.Release|Any CPU.Build.0 = Release|Any CPU
	EndGlobalSection
	GlobalSection(SolutionProperties) = preSolution
		HideSolutionNode = FALSE
	EndGlobalSection
	GlobalSection(ExtensibilityGlobals) = postSolution
		SolutionGuid = {CBCFB6ED-A1F4-476F-A908-312CD2C8824F}
	EndGlobalSection
EndGlobal
